// !$*UTF8*$!
{
	archiveVersion = 1;
	classes = {
	};
	objectVersion = 46;
	objects = {

/* Begin PBXBuildFile section */
		1D15AC4A1F339F7900EA69D7 /* AppDelegate.swift in Sources */ = {isa = PBXBuildFile; fileRef = 1D15AC491F339F7900EA69D7 /* AppDelegate.swift */; };
		1D15AC4C1F339F7900EA69D7 /* ViewController.swift in Sources */ = {isa = PBXBuildFile; fileRef = 1D15AC4B1F339F7900EA69D7 /* ViewController.swift */; };
		1D15AC4F1F339F7900EA69D7 /* Main.storyboard in Resources */ = {isa = PBXBuildFile; fileRef = 1D15AC4D1F339F7900EA69D7 /* Main.storyboard */; };
		1D15AC511F339F7900EA69D7 /* Assets.xcassets in Resources */ = {isa = PBXBuildFile; fileRef = 1D15AC501F339F7900EA69D7 /* Assets.xcassets */; };
		1D15AC541F339F7900EA69D7 /* LaunchScreen.storyboard in Resources */ = {isa = PBXBuildFile; fileRef = 1D15AC521F339F7900EA69D7 /* LaunchScreen.storyboard */; };
		1D15AC5F1F339F7900EA69D7 /* Tip_CaculatorTests.swift in Sources */ = {isa = PBXBuildFile; fileRef = 1D15AC5E1F339F7900EA69D7 /* Tip_CaculatorTests.swift */; };
		1D15AC6A1F339F7900EA69D7 /* Tip_CaculatorUITests.swift in Sources */ = {isa = PBXBuildFile; fileRef = 1D15AC691F339F7900EA69D7 /* Tip_CaculatorUITests.swift */; };
		1D88CEF41F392E75008D0419 /* SettingsViewController.swift in Sources */ = {isa = PBXBuildFile; fileRef = 1D88CEF21F392E75008D0419 /* SettingsViewController.swift */; };
		1D88CEF51F392E75008D0419 /* SettingsViewController.swift in Sources */ = {isa = PBXBuildFile; fileRef = 1D88CEF21F392E75008D0419 /* SettingsViewController.swift */; };
		1D88CEF61F392E75008D0419 /* SettingsViewController.swift in Sources */ = {isa = PBXBuildFile; fileRef = 1D88CEF21F392E75008D0419 /* SettingsViewController.swift */; };
		1D88CEF71F392E75008D0419 /* SettingsViewController.xib in Resources */ = {isa = PBXBuildFile; fileRef = 1D88CEF31F392E75008D0419 /* SettingsViewController.xib */; };
		1D88CEF81F392E75008D0419 /* SettingsViewController.xib in Resources */ = {isa = PBXBuildFile; fileRef = 1D88CEF31F392E75008D0419 /* SettingsViewController.xib */; };
		1D88CEF91F392E75008D0419 /* SettingsViewController.xib in Resources */ = {isa = PBXBuildFile; fileRef = 1D88CEF31F392E75008D0419 /* SettingsViewController.xib */; };
/* End PBXBuildFile section */

/* Begin PBXContainerItemProxy section */
		1D15AC5B1F339F7900EA69D7 /* PBXContainerItemProxy */ = {
			isa = PBXContainerItemProxy;
			containerPortal = 1D15AC3E1F339F7900EA69D7 /* Project object */;
			proxyType = 1;
			remoteGlobalIDString = 1D15AC451F339F7900EA69D7;
			remoteInfo = "Tip Caculator";
		};
		1D15AC661F339F7900EA69D7 /* PBXContainerItemProxy */ = {
			isa = PBXContainerItemProxy;
			containerPortal = 1D15AC3E1F339F7900EA69D7 /* Project object */;
			proxyType = 1;
			remoteGlobalIDString = 1D15AC451F339F7900EA69D7;
			remoteInfo = "Tip Caculator";
		};
/* End PBXContainerItemProxy section */

/* Begin PBXFileReference section */
		1D15AC461F339F7900EA69D7 /* Tip Caculator.app */ = {isa = PBXFileReference; explicitFileType = wrapper.application; includeInIndex = 0; path = "Tip Caculator.app"; sourceTree = BUILT_PRODUCTS_DIR; };
		1D15AC491F339F7900EA69D7 /* AppDelegate.swift */ = {isa = PBXFileReference; lastKnownFileType = sourcecode.swift; path = AppDelegate.swift; sourceTree = "<group>"; };
		1D15AC4B1F339F7900EA69D7 /* ViewController.swift */ = {isa = PBXFileReference; lastKnownFileType = sourcecode.swift; path = ViewController.swift; sourceTree = "<group>"; };
		1D15AC4E1F339F7900EA69D7 /* Base */ = {isa = PBXFileReference; lastKnownFileType = file.storyboard; name = Base; path = Base.lproj/Main.storyboard; sourceTree = "<group>"; };
		1D15AC501F339F7900EA69D7 /* Assets.xcassets */ = {isa = PBXFileReference; lastKnownFileType = folder.assetcatalog; path = Assets.xcassets; sourceTree = "<group>"; };
		1D15AC531F339F7900EA69D7 /* Base */ = {isa = PBXFileReference; lastKnownFileType = file.storyboard; name = Base; path = Base.lproj/LaunchScreen.storyboard; sourceTree = "<group>"; };
		1D15AC551F339F7900EA69D7 /* Info.plist */ = {isa = PBXFileReference; lastKnownFileType = text.plist.xml; path = Info.plist; sourceTree = "<group>"; };
		1D15AC5A1F339F7900EA69D7 /* Tip CaculatorTests.xctest */ = {isa = PBXFileReference; explicitFileType = wrapper.cfbundle; includeInIndex = 0; path = "Tip CaculatorTests.xctest"; sourceTree = BUILT_PRODUCTS_DIR; };
		1D15AC5E1F339F7900EA69D7 /* Tip_CaculatorTests.swift */ = {isa = PBXFileReference; lastKnownFileType = sourcecode.swift; path = Tip_CaculatorTests.swift; sourceTree = "<group>"; };
		1D15AC601F339F7900EA69D7 /* Info.plist */ = {isa = PBXFileReference; lastKnownFileType = text.plist.xml; path = Info.plist; sourceTree = "<group>"; };
		1D15AC651F339F7900EA69D7 /* Tip CaculatorUITests.xctest */ = {isa = PBXFileReference; explicitFileType = wrapper.cfbundle; includeInIndex = 0; path = "Tip CaculatorUITests.xctest"; sourceTree = BUILT_PRODUCTS_DIR; };
		1D15AC691F339F7900EA69D7 /* Tip_CaculatorUITests.swift */ = {isa = PBXFileReference; lastKnownFileType = sourcecode.swift; path = Tip_CaculatorUITests.swift; sourceTree = "<group>"; };
		1D15AC6B1F339F7900EA69D7 /* Info.plist */ = {isa = PBXFileReference; lastKnownFileType = text.plist.xml; path = Info.plist; sourceTree = "<group>"; };
		1D88CEF21F392E75008D0419 /* SettingsViewController.swift */ = {isa = PBXFileReference; fileEncoding = 4; lastKnownFileType = sourcecode.swift; path = SettingsViewController.swift; sourceTree = "<group>"; };
		1D88CEF31F392E75008D0419 /* SettingsViewController.xib */ = {isa = PBXFileReference; fileEncoding = 4; lastKnownFileType = file.xib; path = SettingsViewController.xib; sourceTree = "<group>"; };
/* End PBXFileReference section */

/* Begin PBXFrameworksBuildPhase section */
		1D15AC431F339F7900EA69D7 /* Frameworks */ = {
			isa = PBXFrameworksBuildPhase;
			buildActionMask = 2147483647;
			files = (
			);
			runOnlyForDeploymentPostprocessing = 0;
		};
		1D15AC571F339F7900EA69D7 /* Frameworks */ = {
			isa = PBXFrameworksBuildPhase;
			buildActionMask = 2147483647;
			files = (
			);
			runOnlyForDeploymentPostprocessing = 0;
		};
		1D15AC621F339F7900EA69D7 /* Frameworks */ = {
			isa = PBXFrameworksBuildPhase;
			buildActionMask = 2147483647;
			files = (
			);
			runOnlyForDeploymentPostprocessing = 0;
		};
/* End PBXFrameworksBuildPhase section */

/* Begin PBXGroup section */
		1D15AC3D1F339F7900EA69D7 = {
			isa = PBXGroup;
			children = (
				1D88CEF21F392E75008D0419 /* SettingsViewController.swift */,
				1D88CEF31F392E75008D0419 /* SettingsViewController.xib */,
				1D15AC481F339F7900EA69D7 /* Tip Caculator */,
				1D15AC5D1F339F7900EA69D7 /* Tip CaculatorTests */,
				1D15AC681F339F7900EA69D7 /* Tip CaculatorUITests */,
				1D15AC471F339F7900EA69D7 /* Products */,
			);
			sourceTree = "<group>";
		};
		1D15AC471F339F7900EA69D7 /* Products */ = {
			isa = PBXGroup;
			children = (
				1D15AC461F339F7900EA69D7 /* Tip Caculator.app */,
				1D15AC5A1F339F7900EA69D7 /* Tip CaculatorTests.xctest */,
				1D15AC651F339F7900EA69D7 /* Tip CaculatorUITests.xctest */,
			);
			name = Products;
			sourceTree = "<group>";
		};
		1D15AC481F339F7900EA69D7 /* Tip Caculator */ = {
			isa = PBXGroup;
			children = (
				1D15AC491F339F7900EA69D7 /* AppDelegate.swift */,
				1D15AC4B1F339F7900EA69D7 /* ViewController.swift */,
				1D15AC4D1F339F7900EA69D7 /* Main.storyboard */,
				1D15AC501F339F7900EA69D7 /* Assets.xcassets */,
				1D15AC521F339F7900EA69D7 /* LaunchScreen.storyboard */,
				1D15AC551F339F7900EA69D7 /* Info.plist */,
			);
			path = "Tip Caculator";
			sourceTree = "<group>";
		};
		1D15AC5D1F339F7900EA69D7 /* Tip CaculatorTests */ = {
			isa = PBXGroup;
			children = (
				1D15AC5E1F339F7900EA69D7 /* Tip_CaculatorTests.swift */,
				1D15AC601F339F7900EA69D7 /* Info.plist */,
			);
			path = "Tip CaculatorTests";
			sourceTree = "<group>";
		};
		1D15AC681F339F7900EA69D7 /* Tip CaculatorUITests */ = {
			isa = PBXGroup;
			children = (
				1D15AC691F339F7900EA69D7 /* Tip_CaculatorUITests.swift */,
				1D15AC6B1F339F7900EA69D7 /* Info.plist */,
			);
			path = "Tip CaculatorUITests";
			sourceTree = "<group>";
		};
/* End PBXGroup section */

/* Begin PBXNativeTarget section */
		1D15AC451F339F7900EA69D7 /* Tip Caculator */ = {
			isa = PBXNativeTarget;
			buildConfigurationList = 1D15AC6E1F339F7900EA69D7 /* Build configuration list for PBXNativeTarget "Tip Caculator" */;
			buildPhases = (
				1D15AC421F339F7900EA69D7 /* Sources */,
				1D15AC431F339F7900EA69D7 /* Frameworks */,
				1D15AC441F339F7900EA69D7 /* Resources */,
			);
			buildRules = (
			);
			dependencies = (
			);
			name = "Tip Caculator";
			productName = "Tip Caculator";
			productReference = 1D15AC461F339F7900EA69D7 /* Tip Caculator.app */;
			productType = "com.apple.product-type.application";
		};
		1D15AC591F339F7900EA69D7 /* Tip CaculatorTests */ = {
			isa = PBXNativeTarget;
			buildConfigurationList = 1D15AC711F339F7900EA69D7 /* Build configuration list for PBXNativeTarget "Tip CaculatorTests" */;
			buildPhases = (
				1D15AC561F339F7900EA69D7 /* Sources */,
				1D15AC571F339F7900EA69D7 /* Frameworks */,
				1D15AC581F339F7900EA69D7 /* Resources */,
			);
			buildRules = (
			);
			dependencies = (
				1D15AC5C1F339F7900EA69D7 /* PBXTargetDependency */,
			);
			name = "Tip CaculatorTests";
			productName = "Tip CaculatorTests";
			productReference = 1D15AC5A1F339F7900EA69D7 /* Tip CaculatorTests.xctest */;
			productType = "com.apple.product-type.bundle.unit-test";
		};
		1D15AC641F339F7900EA69D7 /* Tip CaculatorUITests */ = {
			isa = PBXNativeTarget;
			buildConfigurationList = 1D15AC741F339F7900EA69D7 /* Build configuration list for PBXNativeTarget "Tip CaculatorUITests" */;
			buildPhases = (
				1D15AC611F339F7900EA69D7 /* Sources */,
				1D15AC621F339F7900EA69D7 /* Frameworks */,
				1D15AC631F339F7900EA69D7 /* Resources */,
			);
			buildRules = (
			);
			dependencies = (
				1D15AC671F339F7900EA69D7 /* PBXTargetDependency */,
			);
			name = "Tip CaculatorUITests";
			productName = "Tip CaculatorUITests";
			productReference = 1D15AC651F339F7900EA69D7 /* Tip CaculatorUITests.xctest */;
			productType = "com.apple.product-type.bundle.ui-testing";
		};
/* End PBXNativeTarget section */

/* Begin PBXProject section */
		1D15AC3E1F339F7900EA69D7 /* Project object */ = {
			isa = PBXProject;
			attributes = {
				LastSwiftUpdateCheck = 0830;
				LastUpgradeCheck = 0830;
				ORGANIZATIONNAME = "Rosa Perez";
				TargetAttributes = {
					1D15AC451F339F7900EA69D7 = {
						CreatedOnToolsVersion = 8.3.3;
						ProvisioningStyle = Automatic;
					};
					1D15AC591F339F7900EA69D7 = {
						CreatedOnToolsVersion = 8.3.3;
						ProvisioningStyle = Automatic;
						TestTargetID = 1D15AC451F339F7900EA69D7;
					};
					1D15AC641F339F7900EA69D7 = {
						CreatedOnToolsVersion = 8.3.3;
						ProvisioningStyle = Automatic;
						TestTargetID = 1D15AC451F339F7900EA69D7;
					};
				};
			};
			buildConfigurationList = 1D15AC411F339F7900EA69D7 /* Build configuration list for PBXProject "Tip Caculator" */;
			compatibilityVersion = "Xcode 3.2";
			developmentRegion = English;
			hasScannedForEncodings = 0;
			knownRegions = (
				en,
				Base,
			);
			mainGroup = 1D15AC3D1F339F7900EA69D7;
			productRefGroup = 1D15AC471F339F7900EA69D7 /* Products */;
			projectDirPath = "";
			projectRoot = "";
			targets = (
				1D15AC451F339F7900EA69D7 /* Tip Caculator */,
				1D15AC591F339F7900EA69D7 /* Tip CaculatorTests */,
				1D15AC641F339F7900EA69D7 /* Tip CaculatorUITests */,
			);
		};
/* End PBXProject section */

/* Begin PBXResourcesBuildPhase section */
		1D15AC441F339F7900EA69D7 /* Resources */ = {
			isa = PBXResourcesBuildPhase;
			buildActionMask = 2147483647;
			files = (
				1D15AC541F339F7900EA69D7 /* LaunchScreen.storyboard in Resources */,
				1D15AC511F339F7900EA69D7 /* Assets.xcassets in Resources */,
				1D15AC4F1F339F7900EA69D7 /* Main.storyboard in Resources */,
				1D88CEF71F392E75008D0419 /* SettingsViewController.xib in Resources */,
			);
			runOnlyForDeploymentPostprocessing = 0;
		};
		1D15AC581F339F7900EA69D7 /* Resources */ = {
			isa = PBXResourcesBuildPhase;
			buildActionMask = 2147483647;
			files = (
				1D88CEF81F392E75008D0419 /* SettingsViewController.xib in Resources */,
			);
			runOnlyForDeploymentPostprocessing = 0;
		};
		1D15AC631F339F7900EA69D7 /* Resources */ = {
			isa = PBXResourcesBuildPhase;
			buildActionMask = 2147483647;
			files = (
				1D88CEF91F392E75008D0419 /* SettingsViewController.xib in Resources */,
			);
			runOnlyForDeploymentPostprocessing = 0;
		};
/* End PBXResourcesBuildPhase section */

/* Begin PBXSourcesBuildPhase section */
		1D15AC421F339F7900EA69D7 /* Sources */ = {
			isa = PBXSourcesBuildPhase;
			buildActionMask = 2147483647;
			files = (
				1D15AC4C1F339F7900EA69D7 /* ViewController.swift in Sources */,
				1D15AC4A1F339F7900EA69D7 /* AppDelegate.swift in Sources */,
				1D88CEF41F392E75008D0419 /* SettingsViewController.swift in Sources */,
			);
			runOnlyForDeploymentPostprocessing = 0;
		};
		1D15AC561F339F7900EA69D7 /* Sources */ = {
			isa = PBXSourcesBuildPhase;
			buildActionMask = 2147483647;
			files = (
				1D15AC5F1F339F7900EA69D7 /* Tip_CaculatorTests.swift in Sources */,
				1D88CEF51F392E75008D0419 /* SettingsViewController.swift in Sources */,
			);
			runOnlyForDeploymentPostprocessing = 0;
		};
		1D15AC611F339F7900EA69D7 /* Sources */ = {
			isa = PBXSourcesBuildPhase;
			buildActionMask = 2147483647;
			files = (
				1D15AC6A1F339F7900EA69D7 /* Tip_CaculatorUITests.swift in Sources */,
				1D88CEF61F392E75008D0419 /* SettingsViewController.swift in Sources */,
			);
			runOnlyForDeploymentPostprocessing = 0;
		};
/* End PBXSourcesBuildPhase section */

/* Begin PBXTargetDependency section */
		1D15AC5C1F339F7900EA69D7 /* PBXTargetDependency */ = {
			isa = PBXTargetDependency;
			target = 1D15AC451F339F7900EA69D7 /* Tip Caculator */;
			targetProxy = 1D15AC5B1F339F7900EA69D7 /* PBXContainerItemProxy */;
		};
		1D15AC671F339F7900EA69D7 /* PBXTargetDependency */ = {
			isa = PBXTargetDependency;
			target = 1D15AC451F339F7900EA69D7 /* Tip Caculator */;
			targetProxy = 1D15AC661F339F7900EA69D7 /* PBXContainerItemProxy */;
		};
/* End PBXTargetDependency section */

/* Begin PBXVariantGroup section */
		1D15AC4D1F339F7900EA69D7 /* Main.storyboard */ = {
			isa = PBXVariantGroup;
			children = (
				1D15AC4E1F339F7900EA69D7 /* Base */,
			);
			name = Main.storyboard;
			sourceTree = "<group>";
		};
		1D15AC521F339F7900EA69D7 /* LaunchScreen.storyboard */ = {
			isa = PBXVariantGroup;
			children = (
				1D15AC531F339F7900EA69D7 /* Base */,
			);
			name = LaunchScreen.storyboard;
			sourceTree = "<group>";
		};
/* End PBXVariantGroup section */

/* Begin XCBuildConfiguration section */
		1D15AC6C1F339F7900EA69D7 /* Debug */ = {
			isa = XCBuildConfiguration;
			buildSettings = {
				ALWAYS_SEARCH_USER_PATHS = NO;
				CLANG_ANALYZER_NONNULL = YES;
				CLANG_ANALYZER_NUMBER_OBJECT_CONVERSION = YES_AGGRESSIVE;
				CLANG_CXX_LANGUAGE_STANDARD = "gnu++0x";
				CLANG_CXX_LIBRARY = "libc++";
				CLANG_ENABLE_MODULES = YES;
				CLANG_ENABLE_OBJC_ARC = YES;
				CLANG_WARN_BOOL_CONVERSION = YES;
				CLANG_WARN_CONSTANT_CONVERSION = YES;
				CLANG_WARN_DIRECT_OBJC_ISA_USAGE = YES_ERROR;
				CLANG_WARN_DOCUMENTATION_COMMENTS = YES;
				CLANG_WARN_EMPTY_BODY = YES;
				CLANG_WARN_ENUM_CONVERSION = YES;
				CLANG_WARN_INFINITE_RECURSION = YES;
				CLANG_WARN_INT_CONVERSION = YES;
				CLANG_WARN_OBJC_ROOT_CLASS = YES_ERROR;
				CLANG_WARN_SUSPICIOUS_MOVE = YES;
				CLANG_WARN_UNREACHABLE_CODE = YES;
				CLANG_WARN__DUPLICATE_METHOD_MATCH = YES;
				"CODE_SIGN_IDENTITY[sdk=iphoneos*]" = "iPhone Developer";
				COPY_PHASE_STRIP = NO;
				DEBUG_INFORMATION_FORMAT = dwarf;
				ENABLE_STRICT_OBJC_MSGSEND = YES;
				ENABLE_TESTABILITY = YES;
				GCC_C_LANGUAGE_STANDARD = gnu99;
				GCC_DYNAMIC_NO_PIC = NO;
				GCC_NO_COMMON_BLOCKS = YES;
				GCC_OPTIMIZATION_LEVEL = 0;
				GCC_PREPROCESSOR_DEFINITIONS = (
					"DEBUG=1",
					"$(inherited)",
				);
				GCC_WARN_64_TO_32_BIT_CONVERSION = YES;
				GCC_WARN_ABOUT_RETURN_TYPE = YES_ERROR;
				GCC_WARN_UNDECLARED_SELECTOR = YES;
				GCC_WARN_UNINITIALIZED_AUTOS = YES_AGGRESSIVE;
				GCC_WARN_UNUSED_FUNCTION = YES;
				GCC_WARN_UNUSED_VARIABLE = YES;
				IPHONEOS_DEPLOYMENT_TARGET = 10.3;
				MTL_ENABLE_DEBUG_INFO = YES;
				ONLY_ACTIVE_ARCH = YES;
				SDKROOT = iphoneos;
				SWIFT_ACTIVE_COMPILATION_CONDITIONS = DEBUG;
				SWIFT_OPTIMIZATION_LEVEL = "-Onone";
			};
			name = Debug;
		};
		1D15AC6D1F339F7900EA69D7 /* Release */ = {
			isa = XCBuildConfiguration;
			buildSettings = {
				ALWAYS_SEARCH_USER_PATHS = NO;
				CLANG_ANALYZER_NONNULL = YES;
				CLANG_ANALYZER_NUMBER_OBJECT_CONVERSION = YES_AGGRESSIVE;
				CLANG_CXX_LANGUAGE_STANDARD = "gnu++0x";
				CLANG_CXX_LIBRARY = "libc++";
				CLANG_ENABLE_MODULES = YES;
				CLANG_ENABLE_OBJC_ARC = YES;
				CLANG_WARN_BOOL_CONVERSION = YES;
				CLANG_WARN_CONSTANT_CONVERSION = YES;
				CLANG_WARN_DIRECT_OBJC_ISA_USAGE = YES_ERROR;
				CLANG_WARN_DOCUMENTATION_COMMENTS = YES;
				CLANG_WARN_EMPTY_BODY = YES;
				CLANG_WARN_ENUM_CONVERSION = YES;
				CLANG_WARN_INFINITE_RECURSION = YES;
				CLANG_WARN_INT_CONVERSION = YES;
				CLANG_WARN_OBJC_ROOT_CLASS = YES_ERROR;
				CLANG_WARN_SUSPICIOUS_MOVE = YES;
				CLANG_WARN_UNREACHABLE_CODE = YES;
				CLANG_WARN__DUPLICATE_METHOD_MATCH = YES;
				"CODE_SIGN_IDENTITY[sdk=iphoneos*]" = "iPhone Developer";
				COPY_PHASE_STRIP = NO;
				DEBUG_INFORMATION_FORMAT = "dwarf-with-dsym";
				ENABLE_NS_ASSERTIONS = NO;
				ENABLE_STRICT_OBJC_MSGSEND = YES;
				GCC_C_LANGUAGE_STANDARD = gnu99;
				GCC_NO_COMMON_BLOCKS = YES;
				GCC_WARN_64_TO_32_BIT_CONVERSION = YES;
				GCC_WARN_ABOUT_RETURN_TYPE = YES_ERROR;
				GCC_WARN_UNDECLARED_SELECTOR = YES;
				GCC_WARN_UNINITIALIZED_AUTOS = YES_AGGRESSIVE;
				GCC_WARN_UNUSED_FUNCTION = YES;
				GCC_WARN_UNUSED_VARIABLE = YES;
				IPHONEOS_DEPLOYMENT_TARGET = 10.3;
				MTL_ENABLE_DEBUG_INFO = NO;
				SDKROOT = iphoneos;
				SWIFT_OPTIMIZATION_LEVEL = "-Owholemodule";
				VALIDATE_PRODUCT = YES;
			};
			name = Release;
		};
		1D15AC6F1F339F7900EA69D7 /* Debug */ = {
			isa = XCBuildConfiguration;
			buildSettings = {
				ASSETCATALOG_COMPILER_APPICON_NAME = AppIcon;
				INFOPLIST_FILE = "Tip Caculator/Info.plist";
				LD_RUNPATH_SEARCH_PATHS = "$(inherited) @executable_path/Frameworks";
				PRODUCT_BUNDLE_IDENTIFIER = "codepath.Tip-Caculator";
				PRODUCT_NAME = "$(TARGET_NAME)";
				SWIFT_VERSION = 3.0;
			};
			name = Debug;
		};
		1D15AC701F339F7900EA69D7 /* Release */ = {
			isa = XCBuildConfiguration;
			buildSettings = {
				ASSETCATALOG_COMPILER_APPICON_NAME = AppIcon;
				INFOPLIST_FILE = "Tip Caculator/Info.plist";
				LD_RUNPATH_SEARCH_PATHS = "$(inherited) @executable_path/Frameworks";
				PRODUCT_BUNDLE_IDENTIFIER = "codepath.Tip-Caculator";
				PRODUCT_NAME = "$(TARGET_NAME)";
				SWIFT_VERSION = 3.0;
			};
			name = Release;
		};
		1D15AC721F339F7900EA69D7 /* Debug */ = {
			isa = XCBuildConfiguration;
			buildSettings = {
				ALWAYS_EMBED_SWIFT_STANDARD_LIBRARIES = YES;
				BUNDLE_LOADER = "$(TEST_HOST)";
				INFOPLIST_FILE = "Tip CaculatorTests/Info.plist";
				LD_RUNPATH_SEARCH_PATHS = "$(inherited) @executable_path/Frameworks @loader_path/Frameworks";
				PRODUCT_BUNDLE_IDENTIFIER = "codepath.Tip-CaculatorTests";
				PRODUCT_NAME = "$(TARGET_NAME)";
				SWIFT_VERSION = 3.0;
				TEST_HOST = "$(BUILT_PRODUCTS_DIR)/Tip Caculator.app/Tip Caculator";
			};
			name = Debug;
		};
		1D15AC731F339F7900EA69D7 /* Release */ = {
			isa = XCBuildConfiguration;
			buildSettings = {
				ALWAYS_EMBED_SWIFT_STANDARD_LIBRARIES = YES;
				BUNDLE_LOADER = "$(TEST_HOST)";
				INFOPLIST_FILE = "Tip CaculatorTests/Info.plist";
				LD_RUNPATH_SEARCH_PATHS = "$(inherited) @executable_path/Frameworks @loader_path/Frameworks";
				PRODUCT_BUNDLE_IDENTIFIER = "codepath.Tip-CaculatorTests";
				PRODUCT_NAME = "$(TARGET_NAME)";
				SWIFT_VERSION = 3.0;
				TEST_HOST = "$(BUILT_PRODUCTS_DIR)/Tip Caculator.app/Tip Caculator";
			};
			name = Release;
		};
		1D15AC751F339F7900EA69D7 /* Debug */ = {
			isa = XCBuildConfiguration;
			buildSettings = {
				ALWAYS_EMBED_SWIFT_STANDARD_LIBRARIES = YES;
				INFOPLIST_FILE = "Tip CaculatorUITests/Info.plist";
				LD_RUNPATH_SEARCH_PATHS = "$(inherited) @executable_path/Frameworks @loader_path/Frameworks";
				PRODUCT_BUNDLE_IDENTIFIER = "codepath.Tip-CaculatorUITests";
				PRODUCT_NAME = "$(TARGET_NAME)";
				SWIFT_VERSION = 3.0;
				TEST_TARGET_NAME = "Tip Caculator";
			};
			name = Debug;
		};
		1D15AC761F339F7900EA69D7 /* Release */ = {
			isa = XCBuildConfiguration;
			buildSettings = {
				ALWAYS_EMBED_SWIFT_STANDARD_LIBRARIES = YES;
				INFOPLIST_FILE = "Tip CaculatorUITests/Info.plist";
				LD_RUNPATH_SEARCH_PATHS = "$(inherited) @executable_path/Frameworks @loader_path/Frameworks";
				PRODUCT_BUNDLE_IDENTIFIER = "codepath.Tip-CaculatorUITests";
				PRODUCT_NAME = "$(TARGET_NAME)";
				SWIFT_VERSION = 3.0;
				TEST_TARGET_NAME = "Tip Caculator";
			};
			name = Release;
		};
/* End XCBuildConfiguration section */

/* Begin XCConfigurationList section */
		1D15AC411F339F7900EA69D7 /* Build configuration list for PBXProject "Tip Caculator" */ = {
			isa = XCConfigurationList;
			buildConfigurations = (
				1D15AC6C1F339F7900EA69D7 /* Debug */,
				1D15AC6D1F339F7900EA69D7 /* Release */,
			);
			defaultConfigurationIsVisible = 0;
			defaultConfigurationName = Release;
		};
		1D15AC6E1F339F7900EA69D7 /* Build configuration list for PBXNativeTarget "Tip Caculator" */ = {
			isa = XCConfigurationList;
			buildConfigurations = (
				1D15AC6F1F339F7900EA69D7 /* Debug */,
				1D15AC701F339F7900EA69D7 /* Release */,
			);
			defaultConfigurationIsVisible = 0;
			defaultConfigurationName = Release;
		};
		1D15AC711F339F7900EA69D7 /* Build configuration list for PBXNativeTarget "Tip CaculatorTests" */ = {
			isa = XCConfigurationList;
			buildConfigurations = (
				1D15AC721F339F7900EA69D7 /* Debug */,
				1D15AC731F339F7900EA69D7 /* Release */,
			);
			defaultConfigurationIsVisible = 0;
			defaultConfigurationName = Release;
		};
		1D15AC741F339F7900EA69D7 /* Build configuration list for PBXNativeTarget "Tip CaculatorUITests" */ = {
			isa = XCConfigurationList;
			buildConfigurations = (
				1D15AC751F339F7900EA69D7 /* Debug */,
				1D15AC761F339F7900EA69D7 /* Release */,
			);
			defaultConfigurationIsVisible = 0;
			defaultConfigurationName = Release;
		};
/* End XCConfigurationList section */
	};
	rootObject = 1D15AC3E1F339F7900EA69D7 /* Project object */;
}
